
Microsoft Visual Studio Solution File, Format Version 12.00
# Visual Studio Version 17
VisualStudioVersion = 17.4.33213.308
MinimumVisualStudioVersion = 10.0.40219.1
Project("{FAE04EC0-301F-11D3-BF4B-00C04F79EFBC}") = "OpenShiftDotNetCoreTest", "OpenShiftDotNetCoreTest.csproj", "{EAD0F76D-8C48-494B-BE10-B1A8B6F5E3D7}"
EndProject
Global
	GlobalSection(SolutionConfigurationPlatforms) = preSolution
		Debug|Any CPU = Debug|Any CPU
		Release|Any CPU = Release|Any CPU
	EndGlobalSection
	GlobalSection(ProjectConfigurationPlatforms) = postSolution
		{EAD0F76D-8C48-494B-BE10-B1A8B6F5E3D7}.Debug|Any CPU.ActiveCfg = Debug|Any CPU
		{EAD0F76D-8C48-494B-BE10-B1A8B6F5E3D7}.Debug|Any CPU.Build.0 = Debug|Any CPU
		{EAD0F76D-8C48-494B-BE10-B1A8B6F5E3D7}.Release|Any CPU.ActiveCfg = Release|Any CPU
		{EAD0F76D-8C48-494B-BE10-B1A8B6F5E3D7}.Release|Any CPU.Build.0 = Release|Any CPU
	EndGlobalSection
	GlobalSection(SolutionProperties) = preSolution
		HideSolutionNode = FALSE
	EndGlobalSection
	GlobalSection(ExtensibilityGlobals) = postSolution
		SolutionGuid = {48CD2E5A-A986-41F6-9C28-94A9696E8355}
	EndGlobalSection
EndGlobal
